// !$*UTF8*$!
{
	archiveVersion = 1;
	classes = {
	};
	objectVersion = 46;
	objects = {

/* Begin PBXBuildFile section */
		5BB15AD21E925DA30006DA29 /* AppDelegate.m in Sources */ = {isa = PBXBuildFile; fileRef = 5BB15AD11E925DA30006DA29 /* AppDelegate.m */; };
		5BB15AD51E925DA30006DA29 /* main.m in Sources */ = {isa = PBXBuildFile; fileRef = 5BB15AD41E925DA30006DA29 /* main.m */; };
		5BB15ADA1E925DA30006DA29 /* Assets.xcassets in Resources */ = {isa = PBXBuildFile; fileRef = 5BB15AD91E925DA30006DA29 /* Assets.xcassets */; };
		5BB15ADD1E925DA30006DA29 /* Main.storyboard in Resources */ = {isa = PBXBuildFile; fileRef = 5BB15ADB1E925DA30006DA29 /* Main.storyboard */; };
/* End PBXBuildFile section */

/* Begin PBXFileReference section */
		5BB15ACD1E925DA30006DA29 /* xcall.app */ = {isa = PBXFileReference; explicitFileType = wrapper.application; includeInIndex = 0; path = xcall.app; sourceTree = BUILT_PRODUCTS_DIR; };
		5BB15AD01E925DA30006DA29 /* AppDelegate.h */ = {isa = PBXFileReference; lastKnownFileType = sourcecode.c.h; path = AppDelegate.h; sourceTree = "<group>"; };
		5BB15AD11E925DA30006DA29 /* AppDelegate.m */ = {isa = PBXFileReference; lastKnownFileType = sourcecode.c.objc; path = AppDelegate.m; sourceTree = "<group>"; };
		5BB15AD41E925DA30006DA29 /* main.m */ = {isa = PBXFileReference; lastKnownFileType = sourcecode.c.objc; path = main.m; sourceTree = "<group>"; };
		5BB15AD91E925DA30006DA29 /* Assets.xcassets */ = {isa = PBXFileReference; lastKnownFileType = folder.assetcatalog; path = Assets.xcassets; sourceTree = "<group>"; };
		5BB15ADC1E925DA30006DA29 /* Base */ = {isa = PBXFileReference; lastKnownFileType = file.storyboard; name = Base; path = Base.lproj/Main.storyboard; sourceTree = "<group>"; };
		5BB15ADE1E925DA30006DA29 /* Info.plist */ = {isa = PBXFileReference; lastKnownFileType = text.plist.xml; path = Info.plist; sourceTree = "<group>"; };
/* End PBXFileReference section */

/* Begin PBXFrameworksBuildPhase section */
		5BB15ACA1E925DA30006DA29 /* Frameworks */ = {
			isa = PBXFrameworksBuildPhase;
			buildActionMask = 2147483647;
			files = (
			);
			runOnlyForDeploymentPostprocessing = 0;
		};
/* End PBXFrameworksBuildPhase section */

/* Begin PBXGroup section */
		5BB15AC41E925DA30006DA29 = {
			isa = PBXGroup;
			children = (
				5BB15ACF1E925DA30006DA29 /* xcall */,
				5BB15ACE1E925DA30006DA29 /* Products */,
			);
			sourceTree = "<group>";
		};
		5BB15ACE1E925DA30006DA29 /* Products */ = {
			isa = PBXGroup;
			children = (
				5BB15ACD1E925DA30006DA29 /* xcall.app */,
			);
			name = Products;
			sourceTree = "<group>";
		};
		5BB15ACF1E925DA30006DA29 /* xcall */ = {
			isa = PBXGroup;
			children = (
				5BB15AD01E925DA30006DA29 /* AppDelegate.h */,
				5BB15AD11E925DA30006DA29 /* AppDelegate.m */,
				5BB15AD91E925DA30006DA29 /* Assets.xcassets */,
				5BB15ADB1E925DA30006DA29 /* Main.storyboard */,
				5BB15ADE1E925DA30006DA29 /* Info.plist */,
				5BB15AD31E925DA30006DA29 /* Supporting Files */,
			);
			path = xcall;
			sourceTree = "<group>";
		};
		5BB15AD31E925DA30006DA29 /* Supporting Files */ = {
			isa = PBXGroup;
			children = (
				5BB15AD41E925DA30006DA29 /* main.m */,
			);
			name = "Supporting Files";
			sourceTree = "<group>";
		};
/* End PBXGroup section */

/* Begin PBXNativeTarget section */
		5BB15ACC1E925DA30006DA29 /* xcall */ = {
			isa = PBXNativeTarget;
			buildConfigurationList = 5BB15AE11E925DA30006DA29 /* Build configuration list for PBXNativeTarget "xcall" */;
			buildPhases = (
				5BB15AC91E925DA30006DA29 /* Sources */,
				5BB15ACA1E925DA30006DA29 /* Frameworks */,
				5BB15ACB1E925DA30006DA29 /* Resources */,
			);
			buildRules = (
			);
			dependencies = (
			);
			name = xcall;
			productName = xcall;
			productReference = 5BB15ACD1E925DA30006DA29 /* xcall.app */;
			productType = "com.apple.product-type.application";
		};
/* End PBXNativeTarget section */

/* Begin PBXProject section */
		5BB15AC51E925DA30006DA29 /* Project object */ = {
			isa = PBXProject;
			attributes = {
				LastUpgradeCheck = 0830;
				ORGANIZATIONNAME = "Martin Finke";
				TargetAttributes = {
					5BB15ACC1E925DA30006DA29 = {
						CreatedOnToolsVersion = 8.3;
						DevelopmentTeam = X5AZV975AG;
						ProvisioningStyle = Automatic;
					};
				};
			};
			buildConfigurationList = 5BB15AC81E925DA30006DA29 /* Build configuration list for PBXProject "xcall" */;
			compatibilityVersion = "Xcode 3.2";
			developmentRegion = English;
			hasScannedForEncodings = 0;
			knownRegions = (
				en,
				Base,
			);
			mainGroup = 5BB15AC41E925DA30006DA29;
			productRefGroup = 5BB15ACE1E925DA30006DA29 /* Products */;
			projectDirPath = "";
			projectRoot = "";
			targets = (
				5BB15ACC1E925DA30006DA29 /* xcall */,
			);
		};
/* End PBXProject section */

/* Begin PBXResourcesBuildPhase section */
		5BB15ACB1E925DA30006DA29 /* Resources */ = {
			isa = PBXResourcesBuildPhase;
			buildActionMask = 2147483647;
			files = (
				5BB15ADA1E925DA30006DA29 /* Assets.xcassets in Resources */,
				5BB15ADD1E925DA30006DA29 /* Main.storyboard in Resources */,
			);
			runOnlyForDeploymentPostprocessing = 0;
		};
/* End PBXResourcesBuildPhase section */

/* Begin PBXSourcesBuildPhase section */
		5BB15AC91E925DA30006DA29 /* Sources */ = {
			isa = PBXSourcesBuildPhase;
			buildActionMask = 2147483647;
			files = (
				5BB15AD51E925DA30006DA29 /* main.m in Sources */,
				5BB15AD21E925DA30006DA29 /* AppDelegate.m in Sources */,
			);
			runOnlyForDeploymentPostprocessing = 0;
		};
/* End PBXSourcesBuildPhase section */

/* Begin PBXVariantGroup section */
		5BB15ADB1E925DA30006DA29 /* Main.storyboard */ = {
			isa = PBXVariantGroup;
			children = (
				5BB15ADC1E925DA30006DA29 /* Base */,
			);
			name = Main.storyboard;
			sourceTree = "<group>";
		};
/* End PBXVariantGroup section */

/* Begin XCBuildConfiguration section */
		5BB15ADF1E925DA30006DA29 /* Debug */ = {
			isa = XCBuildConfiguration;
			buildSettings = {
				ALWAYS_SEARCH_USER_PATHS = NO;
				CLANG_ANALYZER_NONNULL = YES;
				CLANG_ANALYZER_NUMBER_OBJECT_CONVERSION = YES_AGGRESSIVE;
				CLANG_CXX_LANGUAGE_STANDARD = "gnu++0x";
				CLANG_CXX_LIBRARY = "libc++";
				CLANG_ENABLE_MODULES = YES;
				CLANG_ENABLE_OBJC_ARC = YES;
				CLANG_WARN_BOOL_CONVERSION = YES;
				CLANG_WARN_CONSTANT_CONVERSION = YES;
				CLANG_WARN_DIRECT_OBJC_ISA_USAGE = YES_ERROR;
				CLANG_WARN_DOCUMENTATION_COMMENTS = YES;
				CLANG_WARN_EMPTY_BODY = YES;
				CLANG_WARN_ENUM_CONVERSION = YES;
				CLANG_WARN_INFINITE_RECURSION = YES;
				CLANG_WARN_INT_CONVERSION = YES;
				CLANG_WARN_OBJC_ROOT_CLASS = YES_ERROR;
				CLANG_WARN_SUSPICIOUS_MOVE = YES;
				CLANG_WARN_UNREACHABLE_CODE = YES;
				CLANG_WARN__DUPLICATE_METHOD_MATCH = YES;
				CODE_SIGN_IDENTITY = "-";
				COPY_PHASE_STRIP = NO;
				DEBUG_INFORMATION_FORMAT = dwarf;
				ENABLE_STRICT_OBJC_MSGSEND = YES;
				ENABLE_TESTABILITY = YES;
				GCC_C_LANGUAGE_STANDARD = gnu99;
				GCC_DYNAMIC_NO_PIC = NO;
				GCC_NO_COMMON_BLOCKS = YES;
				GCC_OPTIMIZATION_LEVEL = 0;
				GCC_PREPROCESSOR_DEFINITIONS = (
					"DEBUG=1",
					"$(inherited)",
				);
				GCC_WARN_64_TO_32_BIT_CONVERSION = YES;
				GCC_WARN_ABOUT_RETURN_TYPE = YES_ERROR;
				GCC_WARN_UNDECLARED_SELECTOR = YES;
				GCC_WARN_UNINITIALIZED_AUTOS = YES_AGGRESSIVE;
				GCC_WARN_UNUSED_FUNCTION = YES;
				GCC_WARN_UNUSED_VARIABLE = YES;
				MACOSX_DEPLOYMENT_TARGET = 10.12;
				MTL_ENABLE_DEBUG_INFO = YES;
				ONLY_ACTIVE_ARCH = YES;
				SDKROOT = macosx;
			};
			name = Debug;
		};
		5BB15AE01E925DA30006DA29 /* Release */ = {
			isa = XCBuildConfiguration;
			buildSettings = {
				ALWAYS_SEARCH_USER_PATHS = NO;
				CLANG_ANALYZER_NONNULL = YES;
				CLANG_ANALYZER_NUMBER_OBJECT_CONVERSION = YES_AGGRESSIVE;
				CLANG_CXX_LANGUAGE_STANDARD = "gnu++0x";
				CLANG_CXX_LIBRARY = "libc++";
				CLANG_ENABLE_MODULES = YES;
				CLANG_ENABLE_OBJC_ARC = YES;
				CLANG_WARN_BOOL_CONVERSION = YES;
				CLANG_WARN_CONSTANT_CONVERSION = YES;
				CLANG_WARN_DIRECT_OBJC_ISA_USAGE = YES_ERROR;
				CLANG_WARN_DOCUMENTATION_COMMENTS = YES;
				CLANG_WARN_EMPTY_BODY = YES;
				CLANG_WARN_ENUM_CONVERSION = YES;
				CLANG_WARN_INFINITE_RECURSION = YES;
				CLANG_WARN_INT_CONVERSION = YES;
				CLANG_WARN_OBJC_ROOT_CLASS = YES_ERROR;
				CLANG_WARN_SUSPICIOUS_MOVE = YES;
				CLANG_WARN_UNREACHABLE_CODE = YES;
				CLANG_WARN__DUPLICATE_METHOD_MATCH = YES;
				CODE_SIGN_IDENTITY = "-";
				COPY_PHASE_STRIP = NO;
				DEBUG_INFORMATION_FORMAT = "dwarf-with-dsym";
				ENABLE_NS_ASSERTIONS = NO;
				ENABLE_STRICT_OBJC_MSGSEND = YES;
				GCC_C_LANGUAGE_STANDARD = gnu99;
				GCC_NO_COMMON_BLOCKS = YES;
				GCC_WARN_64_TO_32_BIT_CONVERSION = YES;
				GCC_WARN_ABOUT_RETURN_TYPE = YES_ERROR;
				GCC_WARN_UNDECLARED_SELECTOR = YES;
				GCC_WARN_UNINITIALIZED_AUTOS = YES_AGGRESSIVE;
				GCC_WARN_UNUSED_FUNCTION = YES;
				GCC_WARN_UNUSED_VARIABLE = YES;
				MACOSX_DEPLOYMENT_TARGET = 10.12;
				MTL_ENABLE_DEBUG_INFO = NO;
				SDKROOT = macosx;
			};
			name = Release;
		};
		5BB15AE21E925DA30006DA29 /* Debug */ = {
			isa = XCBuildConfiguration;
			buildSettings = {
				ASSETCATALOG_COMPILER_APPICON_NAME = AppIcon;
				COMBINE_HIDPI_IMAGES = YES;
				DEVELOPMENT_TEAM = X5AZV975AG;
				INFOPLIST_FILE = xcall/Info.plist;
				LD_RUNPATH_SEARCH_PATHS = "$(inherited) @executable_path/../Frameworks";
				MACOSX_DEPLOYMENT_TARGET = 10.8;
				PRODUCT_BUNDLE_IDENTIFIER = "de.martin-finke.xcall";
				PRODUCT_NAME = "$(TARGET_NAME)";
			};
			name = Debug;
		};
		5BB15AE31E925DA30006DA29 /* Release */ = {
			isa = XCBuildConfiguration;
			buildSettings = {
				ASSETCATALOG_COMPILER_APPICON_NAME = AppIcon;
				COMBINE_HIDPI_IMAGES = YES;
				DEVELOPMENT_TEAM = X5AZV975AG;
				INFOPLIST_FILE = xcall/Info.plist;
				LD_RUNPATH_SEARCH_PATHS = "$(inherited) @executable_path/../Frameworks";
				MACOSX_DEPLOYMENT_TARGET = 10.8;
				PRODUCT_BUNDLE_IDENTIFIER = "de.martin-finke.xcall";
				PRODUCT_NAME = "$(TARGET_NAME)";
			};
			name = Release;
		};
/* End XCBuildConfiguration section */

/* Begin XCConfigurationList section */
		5BB15AC81E925DA30006DA29 /* Build configuration list for PBXProject "xcall" */ = {
			isa = XCConfigurationList;
			buildConfigurations = (
				5BB15ADF1E925DA30006DA29 /* Debug */,
				5BB15AE01E925DA30006DA29 /* Release */,
			);
			defaultConfigurationIsVisible = 0;
			defaultConfigurationName = Release;
		};
		5BB15AE11E925DA30006DA29 /* Build configuration list for PBXNativeTarget "xcall" */ = {
			isa = XCConfigurationList;
			buildConfigurations = (
				5BB15AE21E925DA30006DA29 /* Debug */,
				5BB15AE31E925DA30006DA29 /* Release */,
			);
			defaultConfigurationIsVisible = 0;
			defaultConfigurationName = Release;
		};
/* End XCConfigurationList section */
	};
	rootObject = 5BB15AC51E925DA30006DA29 /* Project object */;
}
